// !$*UTF8*$!
{
	archiveVersion = 1;
	classes = {
	};
	objectVersion = 55;
	objects = {

/* Begin PBXBuildFile section */
		1A966D6C28456BF500B42FB2 /* AppDelegate.swift in Sources */ = {isa = PBXBuildFile; fileRef = 1A966D6B28456BF500B42FB2 /* AppDelegate.swift */; };
		1A966D6E28456BF500B42FB2 /* SceneDelegate.swift in Sources */ = {isa = PBXBuildFile; fileRef = 1A966D6D28456BF500B42FB2 /* SceneDelegate.swift */; };
		1A966D7528456BF900B42FB2 /* Assets.xcassets in Resources */ = {isa = PBXBuildFile; fileRef = 1A966D7428456BF900B42FB2 /* Assets.xcassets */; };
		1A966D7828456BF900B42FB2 /* LaunchScreen.storyboard in Resources */ = {isa = PBXBuildFile; fileRef = 1A966D7628456BF900B42FB2 /* LaunchScreen.storyboard */; };
		1A966D8028456CF200B42FB2 /* FlightsListingVC.swift in Sources */ = {isa = PBXBuildFile; fileRef = 1A966D7F28456CF200B42FB2 /* FlightsListingVC.swift */; };
		1A966D8228456D4500B42FB2 /* Models.swift in Sources */ = {isa = PBXBuildFile; fileRef = 1A966D8128456D4500B42FB2 /* Models.swift */; };
		1A966D8428456F4900B42FB2 /* Extensions.swift in Sources */ = {isa = PBXBuildFile; fileRef = 1A966D8328456F4900B42FB2 /* Extensions.swift */; };
		1A966D882845737C00B42FB2 /* TinyConstraints in Frameworks */ = {isa = PBXBuildFile; productRef = 1A966D872845737C00B42FB2 /* TinyConstraints */; };
		1A966D8A28457B4A00B42FB2 /* FlightsTableViewCell.swift in Sources */ = {isa = PBXBuildFile; fileRef = 1A966D8928457B4A00B42FB2 /* FlightsTableViewCell.swift */; };
		1ABD94612846CFDF00ECC493 /* CurrentTicketVC.swift in Sources */ = {isa = PBXBuildFile; fileRef = 1ABD94602846CFDF00ECC493 /* CurrentTicketVC.swift */; };
		1ABD94632848118800ECC493 /* DateFormater.swift in Sources */ = {isa = PBXBuildFile; fileRef = 1ABD94622848118800ECC493 /* DateFormater.swift */; };
		1ABD94662849420500ECC493 /* NetworkManager.swift in Sources */ = {isa = PBXBuildFile; fileRef = 1ABD94652849420500ECC493 /* NetworkManager.swift */; };
		1ABD946B284967D800ECC493 /* ColorPalette.swift in Sources */ = {isa = PBXBuildFile; fileRef = 1ABD946A284967D800ECC493 /* ColorPalette.swift */; };
/* End PBXBuildFile section */

/* Begin PBXFileReference section */
		1A966D6828456BF500B42FB2 /* Time for a trip.app */ = {isa = PBXFileReference; explicitFileType = wrapper.application; includeInIndex = 0; path = "Time for a trip.app"; sourceTree = BUILT_PRODUCTS_DIR; };
		1A966D6B28456BF500B42FB2 /* AppDelegate.swift */ = {isa = PBXFileReference; lastKnownFileType = sourcecode.swift; path = AppDelegate.swift; sourceTree = "<group>"; };
		1A966D6D28456BF500B42FB2 /* SceneDelegate.swift */ = {isa = PBXFileReference; lastKnownFileType = sourcecode.swift; path = SceneDelegate.swift; sourceTree = "<group>"; };
		1A966D7428456BF900B42FB2 /* Assets.xcassets */ = {isa = PBXFileReference; lastKnownFileType = folder.assetcatalog; path = Assets.xcassets; sourceTree = "<group>"; };
		1A966D7728456BF900B42FB2 /* Base */ = {isa = PBXFileReference; lastKnownFileType = file.storyboard; name = Base; path = Base.lproj/LaunchScreen.storyboard; sourceTree = "<group>"; };
		1A966D7928456BF900B42FB2 /* Info.plist */ = {isa = PBXFileReference; lastKnownFileType = text.plist.xml; path = Info.plist; sourceTree = "<group>"; };
		1A966D7F28456CF200B42FB2 /* FlightsListingVC.swift */ = {isa = PBXFileReference; lastKnownFileType = sourcecode.swift; path = FlightsListingVC.swift; sourceTree = "<group>"; };
		1A966D8128456D4500B42FB2 /* Models.swift */ = {isa = PBXFileReference; lastKnownFileType = sourcecode.swift; path = Models.swift; sourceTree = "<group>"; };
		1A966D8328456F4900B42FB2 /* Extensions.swift */ = {isa = PBXFileReference; lastKnownFileType = sourcecode.swift; path = Extensions.swift; sourceTree = "<group>"; };
		1A966D8928457B4A00B42FB2 /* FlightsTableViewCell.swift */ = {isa = PBXFileReference; lastKnownFileType = sourcecode.swift; path = FlightsTableViewCell.swift; sourceTree = "<group>"; };
		1ABD94602846CFDF00ECC493 /* CurrentTicketVC.swift */ = {isa = PBXFileReference; lastKnownFileType = sourcecode.swift; path = CurrentTicketVC.swift; sourceTree = "<group>"; };
		1ABD94622848118800ECC493 /* DateFormater.swift */ = {isa = PBXFileReference; lastKnownFileType = sourcecode.swift; path = DateFormater.swift; sourceTree = "<group>"; };
		1ABD94652849420500ECC493 /* NetworkManager.swift */ = {isa = PBXFileReference; lastKnownFileType = sourcecode.swift; path = NetworkManager.swift; sourceTree = "<group>"; };
		1ABD946A284967D800ECC493 /* ColorPalette.swift */ = {isa = PBXFileReference; lastKnownFileType = sourcecode.swift; path = ColorPalette.swift; sourceTree = "<group>"; };
/* End PBXFileReference section */

/* Begin PBXFrameworksBuildPhase section */
		1A966D6528456BF500B42FB2 /* Frameworks */ = {
			isa = PBXFrameworksBuildPhase;
			buildActionMask = 2147483647;
			files = (
				1A966D882845737C00B42FB2 /* TinyConstraints in Frameworks */,
			);
			runOnlyForDeploymentPostprocessing = 0;
		};
/* End PBXFrameworksBuildPhase section */

/* Begin PBXGroup section */
		1A966D5F28456BF500B42FB2 = {
			isa = PBXGroup;
			children = (
				1A966D6A28456BF500B42FB2 /* Time for a trip */,
				1A966D6928456BF500B42FB2 /* Products */,
			);
			sourceTree = "<group>";
		};
		1A966D6928456BF500B42FB2 /* Products */ = {
			isa = PBXGroup;
			children = (
				1A966D6828456BF500B42FB2 /* Time for a trip.app */,
			);
			name = Products;
			sourceTree = "<group>";
		};
		1A966D6A28456BF500B42FB2 /* Time for a trip */ = {
			isa = PBXGroup;
			children = (
				1A966D6B28456BF500B42FB2 /* AppDelegate.swift */,
				1A966D6D28456BF500B42FB2 /* SceneDelegate.swift */,
				1ABD9464284941D900ECC493 /* UI */,
				1ABD94692849655D00ECC493 /* Network */,
				1A966D8528456F4E00B42FB2 /* Support */,
				1A966D7428456BF900B42FB2 /* Assets.xcassets */,
				1A966D7628456BF900B42FB2 /* LaunchScreen.storyboard */,
				1A966D7928456BF900B42FB2 /* Info.plist */,
			);
			path = "Time for a trip";
			sourceTree = "<group>";
		};
		1A966D8528456F4E00B42FB2 /* Support */ = {
			isa = PBXGroup;
			children = (
				1A966D8328456F4900B42FB2 /* Extensions.swift */,
				1ABD94622848118800ECC493 /* DateFormater.swift */,
				1ABD946A284967D800ECC493 /* ColorPalette.swift */,
			);
			path = Support;
			sourceTree = "<group>";
		};
		1ABD9464284941D900ECC493 /* UI */ = {
			isa = PBXGroup;
			children = (
				1A966D7F28456CF200B42FB2 /* FlightsListingVC.swift */,
				1ABD94602846CFDF00ECC493 /* CurrentTicketVC.swift */,
				1A966D8928457B4A00B42FB2 /* FlightsTableViewCell.swift */,
			);
			path = UI;
			sourceTree = "<group>";
		};
		1ABD94692849655D00ECC493 /* Network */ = {
			isa = PBXGroup;
			children = (
				1ABD94652849420500ECC493 /* NetworkManager.swift */,
				1A966D8128456D4500B42FB2 /* Models.swift */,
			);
			path = Network;
			sourceTree = "<group>";
		};
/* End PBXGroup section */

/* Begin PBXNativeTarget section */
		1A966D6728456BF500B42FB2 /* Time for a trip */ = {
			isa = PBXNativeTarget;
			buildConfigurationList = 1A966D7C28456BF900B42FB2 /* Build configuration list for PBXNativeTarget "Time for a trip" */;
			buildPhases = (
				1A966D6428456BF500B42FB2 /* Sources */,
				1A966D6528456BF500B42FB2 /* Frameworks */,
				1A966D6628456BF500B42FB2 /* Resources */,
			);
			buildRules = (
			);
			dependencies = (
			);
			name = "Time for a trip";
			packageProductDependencies = (
				1A966D872845737C00B42FB2 /* TinyConstraints */,
			);
			productName = "Time for a trip";
			productReference = 1A966D6828456BF500B42FB2 /* Time for a trip.app */;
			productType = "com.apple.product-type.application";
		};
/* End PBXNativeTarget section */

/* Begin PBXProject section */
		1A966D6028456BF500B42FB2 /* Project object */ = {
			isa = PBXProject;
			attributes = {
				BuildIndependentTargetsInParallel = 1;
				LastSwiftUpdateCheck = 1330;
				LastUpgradeCheck = 1330;
				TargetAttributes = {
					1A966D6728456BF500B42FB2 = {
						CreatedOnToolsVersion = 13.3.1;
					};
				};
			};
			buildConfigurationList = 1A966D6328456BF500B42FB2 /* Build configuration list for PBXProject "Time for a trip" */;
			compatibilityVersion = "Xcode 13.0";
			developmentRegion = en;
			hasScannedForEncodings = 0;
			knownRegions = (
				en,
				Base,
			);
			mainGroup = 1A966D5F28456BF500B42FB2;
			packageReferences = (
				1A966D862845737C00B42FB2 /* XCRemoteSwiftPackageReference "TinyConstraints" */,
			);
			productRefGroup = 1A966D6928456BF500B42FB2 /* Products */;
			projectDirPath = "";
			projectRoot = "";
			targets = (
				1A966D6728456BF500B42FB2 /* Time for a trip */,
			);
		};
/* End PBXProject section */

/* Begin PBXResourcesBuildPhase section */
		1A966D6628456BF500B42FB2 /* Resources */ = {
			isa = PBXResourcesBuildPhase;
			buildActionMask = 2147483647;
			files = (
				1A966D7828456BF900B42FB2 /* LaunchScreen.storyboard in Resources */,
				1A966D7528456BF900B42FB2 /* Assets.xcassets in Resources */,
			);
			runOnlyForDeploymentPostprocessing = 0;
		};
/* End PBXResourcesBuildPhase section */

/* Begin PBXSourcesBuildPhase section */
		1A966D6428456BF500B42FB2 /* Sources */ = {
			isa = PBXSourcesBuildPhase;
			buildActionMask = 2147483647;
			files = (
				1ABD94662849420500ECC493 /* NetworkManager.swift in Sources */,
				1A966D8428456F4900B42FB2 /* Extensions.swift in Sources */,
				1ABD946B284967D800ECC493 /* ColorPalette.swift in Sources */,
				1A966D6C28456BF500B42FB2 /* AppDelegate.swift in Sources */,
				1ABD94612846CFDF00ECC493 /* CurrentTicketVC.swift in Sources */,
				1ABD94632848118800ECC493 /* DateFormater.swift in Sources */,
				1A966D8228456D4500B42FB2 /* Models.swift in Sources */,
				1A966D6E28456BF500B42FB2 /* SceneDelegate.swift in Sources */,
				1A966D8028456CF200B42FB2 /* FlightsListingVC.swift in Sources */,
				1A966D8A28457B4A00B42FB2 /* FlightsTableViewCell.swift in Sources */,
			);
			runOnlyForDeploymentPostprocessing = 0;
		};
/* End PBXSourcesBuildPhase section */

/* Begin PBXVariantGroup section */
		1A966D7628456BF900B42FB2 /* LaunchScreen.storyboard */ = {
			isa = PBXVariantGroup;
			children = (
				1A966D7728456BF900B42FB2 /* Base */,
			);
			name = LaunchScreen.storyboard;
			sourceTree = "<group>";
		};
/* End PBXVariantGroup section */

/* Begin XCBuildConfiguration section */
		1A966D7A28456BF900B42FB2 /* Debug */ = {
			isa = XCBuildConfiguration;
			buildSettings = {
				ALWAYS_SEARCH_USER_PATHS = NO;
				CLANG_ANALYZER_NONNULL = YES;
				CLANG_ANALYZER_NUMBER_OBJECT_CONVERSION = YES_AGGRESSIVE;
				CLANG_CXX_LANGUAGE_STANDARD = "gnu++17";
				CLANG_ENABLE_MODULES = YES;
				CLANG_ENABLE_OBJC_ARC = YES;
				CLANG_ENABLE_OBJC_WEAK = YES;
				CLANG_WARN_BLOCK_CAPTURE_AUTORELEASING = YES;
				CLANG_WARN_BOOL_CONVERSION = YES;
				CLANG_WARN_COMMA = YES;
				CLANG_WARN_CONSTANT_CONVERSION = YES;
				CLANG_WARN_DEPRECATED_OBJC_IMPLEMENTATIONS = YES;
				CLANG_WARN_DIRECT_OBJC_ISA_USAGE = YES_ERROR;
				CLANG_WARN_DOCUMENTATION_COMMENTS = YES;
				CLANG_WARN_EMPTY_BODY = YES;
				CLANG_WARN_ENUM_CONVERSION = YES;
				CLANG_WARN_INFINITE_RECURSION = YES;
				CLANG_WARN_INT_CONVERSION = YES;
				CLANG_WARN_NON_LITERAL_NULL_CONVERSION = YES;
				CLANG_WARN_OBJC_IMPLICIT_RETAIN_SELF = YES;
				CLANG_WARN_OBJC_LITERAL_CONVERSION = YES;
				CLANG_WARN_OBJC_ROOT_CLASS = YES_ERROR;
				CLANG_WARN_QUOTED_INCLUDE_IN_FRAMEWORK_HEADER = YES;
				CLANG_WARN_RANGE_LOOP_ANALYSIS = YES;
				CLANG_WARN_STRICT_PROTOTYPES = YES;
				CLANG_WARN_SUSPICIOUS_MOVE = YES;
				CLANG_WARN_UNGUARDED_AVAILABILITY = YES_AGGRESSIVE;
				CLANG_WARN_UNREACHABLE_CODE = YES;
				CLANG_WARN__DUPLICATE_METHOD_MATCH = YES;
				COPY_PHASE_STRIP = NO;
				DEBUG_INFORMATION_FORMAT = dwarf;
				ENABLE_STRICT_OBJC_MSGSEND = YES;
				ENABLE_TESTABILITY = YES;
				GCC_C_LANGUAGE_STANDARD = gnu11;
				GCC_DYNAMIC_NO_PIC = NO;
				GCC_NO_COMMON_BLOCKS = YES;
				GCC_OPTIMIZATION_LEVEL = 0;
				GCC_PREPROCESSOR_DEFINITIONS = (
					"DEBUG=1",
					"$(inherited)",
				);
				GCC_WARN_64_TO_32_BIT_CONVERSION = YES;
				GCC_WARN_ABOUT_RETURN_TYPE = YES_ERROR;
				GCC_WARN_UNDECLARED_SELECTOR = YES;
				GCC_WARN_UNINITIALIZED_AUTOS = YES_AGGRESSIVE;
				GCC_WARN_UNUSED_FUNCTION = YES;
				GCC_WARN_UNUSED_VARIABLE = YES;
				IPHONEOS_DEPLOYMENT_TARGET = 15.2;
				MTL_ENABLE_DEBUG_INFO = INCLUDE_SOURCE;
				MTL_FAST_MATH = YES;
				ONLY_ACTIVE_ARCH = YES;
				SDKROOT = iphoneos;
				SWIFT_ACTIVE_COMPILATION_CONDITIONS = DEBUG;
				SWIFT_OPTIMIZATION_LEVEL = "-Onone";
			};
			name = Debug;
		};
		1A966D7B28456BF900B42FB2 /* Release */ = {
			isa = XCBuildConfiguration;
			buildSettings = {
				ALWAYS_SEARCH_USER_PATHS = NO;
				CLANG_ANALYZER_NONNULL = YES;
				CLANG_ANALYZER_NUMBER_OBJECT_CONVERSION = YES_AGGRESSIVE;
				CLANG_CXX_LANGUAGE_STANDARD = "gnu++17";
				CLANG_ENABLE_MODULES = YES;
				CLANG_ENABLE_OBJC_ARC = YES;
				CLANG_ENABLE_OBJC_WEAK = YES;
				CLANG_WARN_BLOCK_CAPTURE_AUTORELEASING = YES;
				CLANG_WARN_BOOL_CONVERSION = YES;
				CLANG_WARN_COMMA = YES;
				CLANG_WARN_CONSTANT_CONVERSION = YES;
				CLANG_WARN_DEPRECATED_OBJC_IMPLEMENTATIONS = YES;
				CLANG_WARN_DIRECT_OBJC_ISA_USAGE = YES_ERROR;
				CLANG_WARN_DOCUMENTATION_COMMENTS = YES;
				CLANG_WARN_EMPTY_BODY = YES;
				CLANG_WARN_ENUM_CONVERSION = YES;
				CLANG_WARN_INFINITE_RECURSION = YES;
				CLANG_WARN_INT_CONVERSION = YES;
				CLANG_WARN_NON_LITERAL_NULL_CONVERSION = YES;
				CLANG_WARN_OBJC_IMPLICIT_RETAIN_SELF = YES;
				CLANG_WARN_OBJC_LITERAL_CONVERSION = YES;
				CLANG_WARN_OBJC_ROOT_CLASS = YES_ERROR;
				CLANG_WARN_QUOTED_INCLUDE_IN_FRAMEWORK_HEADER = YES;
				CLANG_WARN_RANGE_LOOP_ANALYSIS = YES;
				CLANG_WARN_STRICT_PROTOTYPES = YES;
				CLANG_WARN_SUSPICIOUS_MOVE = YES;
				CLANG_WARN_UNGUARDED_AVAILABILITY = YES_AGGRESSIVE;
				CLANG_WARN_UNREACHABLE_CODE = YES;
				CLANG_WARN__DUPLICATE_METHOD_MATCH = YES;
				COPY_PHASE_STRIP = NO;
				DEBUG_INFORMATION_FORMAT = "dwarf-with-dsym";
				ENABLE_NS_ASSERTIONS = NO;
				ENABLE_STRICT_OBJC_MSGSEND = YES;
				GCC_C_LANGUAGE_STANDARD = gnu11;
				GCC_NO_COMMON_BLOCKS = YES;
				GCC_WARN_64_TO_32_BIT_CONVERSION = YES;
				GCC_WARN_ABOUT_RETURN_TYPE = YES_ERROR;
				GCC_WARN_UNDECLARED_SELECTOR = YES;
				GCC_WARN_UNINITIALIZED_AUTOS = YES_AGGRESSIVE;
				GCC_WARN_UNUSED_FUNCTION = YES;
				GCC_WARN_UNUSED_VARIABLE = YES;
				IPHONEOS_DEPLOYMENT_TARGET = 15.2;
				MTL_ENABLE_DEBUG_INFO = NO;
				MTL_FAST_MATH = YES;
				SDKROOT = iphoneos;
				SWIFT_COMPILATION_MODE = wholemodule;
				SWIFT_OPTIMIZATION_LEVEL = "-O";
				VALIDATE_PRODUCT = YES;
			};
			name = Release;
		};
		1A966D7D28456BF900B42FB2 /* Debug */ = {
			isa = XCBuildConfiguration;
			buildSettings = {
				ASSETCATALOG_COMPILER_APPICON_NAME = AppIcon;
				ASSETCATALOG_COMPILER_GLOBAL_ACCENT_COLOR_NAME = AccentColor;
				CODE_SIGN_STYLE = Automatic;
				CURRENT_PROJECT_VERSION = 1;
				DEVELOPMENT_TEAM = 5BFVZ4T283;
				GENERATE_INFOPLIST_FILE = YES;
				INFOPLIST_FILE = "Time for a trip/Info.plist";
				INFOPLIST_KEY_UIApplicationSupportsIndirectInputEvents = YES;
				INFOPLIST_KEY_UILaunchStoryboardName = LaunchScreen;
				INFOPLIST_KEY_UISupportedInterfaceOrientations = UIInterfaceOrientationPortrait;
				INFOPLIST_KEY_UISupportedInterfaceOrientations_iPad = "UIInterfaceOrientationPortrait UIInterfaceOrientationPortraitUpsideDown UIInterfaceOrientationLandscapeLeft UIInterfaceOrientationLandscapeRight";
				INFOPLIST_KEY_UISupportedInterfaceOrientations_iPhone = "UIInterfaceOrientationPortrait UIInterfaceOrientationLandscapeLeft UIInterfaceOrientationLandscapeRight";
				IPHONEOS_DEPLOYMENT_TARGET = 15.2;
				LD_RUNPATH_SEARCH_PATHS = (
					"$(inherited)",
					"@executable_path/Frameworks",
				);
				MARKETING_VERSION = 1.0;
				PRODUCT_BUNDLE_IDENTIFIER = "site.immersing.Time-for-a-trip";
				PRODUCT_NAME = "$(TARGET_NAME)";
				SWIFT_EMIT_LOC_STRINGS = YES;
				SWIFT_VERSION = 5.0;
				TARGETED_DEVICE_FAMILY = 1;
			};
			name = Debug;
		};
		1A966D7E28456BF900B42FB2 /* Release */ = {
			isa = XCBuildConfiguration;
			buildSettings = {
				ASSETCATALOG_COMPILER_APPICON_NAME = AppIcon;
				ASSETCATALOG_COMPILER_GLOBAL_ACCENT_COLOR_NAME = AccentColor;
				CODE_SIGN_STYLE = Automatic;
				CURRENT_PROJECT_VERSION = 1;
				DEVELOPMENT_TEAM = 5BFVZ4T283;
				GENERATE_INFOPLIST_FILE = YES;
				INFOPLIST_FILE = "Time for a trip/Info.plist";
				INFOPLIST_KEY_UIApplicationSupportsIndirectInputEvents = YES;
				INFOPLIST_KEY_UILaunchStoryboardName = LaunchScreen;
				INFOPLIST_KEY_UISupportedInterfaceOrientations = UIInterfaceOrientationPortrait;
				INFOPLIST_KEY_UISupportedInterfaceOrientations_iPad = "UIInterfaceOrientationPortrait UIInterfaceOrientationPortraitUpsideDown UIInterfaceOrientationLandscapeLeft UIInterfaceOrientationLandscapeRight";
				INFOPLIST_KEY_UISupportedInterfaceOrientations_iPhone = "UIInterfaceOrientationPortrait UIInterfaceOrientationLandscapeLeft UIInterfaceOrientationLandscapeRight";
				IPHONEOS_DEPLOYMENT_TARGET = 15.2;
				LD_RUNPATH_SEARCH_PATHS = (
					"$(inherited)",
					"@executable_path/Frameworks",
				);
				MARKETING_VERSION = 1.0;
				PRODUCT_BUNDLE_IDENTIFIER = "site.immersing.Time-for-a-trip";
				PRODUCT_NAME = "$(TARGET_NAME)";
				SWIFT_EMIT_LOC_STRINGS = YES;
				SWIFT_VERSION = 5.0;
				TARGETED_DEVICE_FAMILY = 1;
			};
			name = Release;
		};
/* End XCBuildConfiguration section */

/* Begin XCConfigurationList section */
		1A966D6328456BF500B42FB2 /* Build configuration list for PBXProject "Time for a trip" */ = {
			isa = XCConfigurationList;
			buildConfigurations = (
				1A966D7A28456BF900B42FB2 /* Debug */,
				1A966D7B28456BF900B42FB2 /* Release */,
			);
			defaultConfigurationIsVisible = 0;
			defaultConfigurationName = Release;
		};
		1A966D7C28456BF900B42FB2 /* Build configuration list for PBXNativeTarget "Time for a trip" */ = {
			isa = XCConfigurationList;
			buildConfigurations = (
				1A966D7D28456BF900B42FB2 /* Debug */,
				1A966D7E28456BF900B42FB2 /* Release */,
			);
			defaultConfigurationIsVisible = 0;
			defaultConfigurationName = Release;
		};
/* End XCConfigurationList section */

/* Begin XCRemoteSwiftPackageReference section */
		1A966D862845737C00B42FB2 /* XCRemoteSwiftPackageReference "TinyConstraints" */ = {
			isa = XCRemoteSwiftPackageReference;
			repositoryURL = "https://github.com/roberthein/TinyConstraints.git";
			requirement = {
				kind = exactVersion;
				version = 4.0.2;
			};
		};
/* End XCRemoteSwiftPackageReference section */

/* Begin XCSwiftPackageProductDependency section */
		1A966D872845737C00B42FB2 /* TinyConstraints */ = {
			isa = XCSwiftPackageProductDependency;
			package = 1A966D862845737C00B42FB2 /* XCRemoteSwiftPackageReference "TinyConstraints" */;
			productName = TinyConstraints;
		};
/* End XCSwiftPackageProductDependency section */
	};
	rootObject = 1A966D6028456BF500B42FB2 /* Project object */;
}
